
Microsoft Visual Studio Solution File, Format Version 12.00
# Visual Studio 15
VisualStudioVersion = 15.0.26730.8
MinimumVisualStudioVersion = 10.0.40219.1
Project("{FAE04EC0-301F-11D3-BF4B-00C04F79EFBC}") = "hMSSqlPad", "hMSSql\hMSSqlPad.csproj", "{BE964A0F-54BC-41AB-8A08-8DA085CB148E}"
EndProject
Global
	GlobalSection(SolutionConfigurationPlatforms) = preSolution
		Debug|Any CPU = Debug|Any CPU
		Release|Any CPU = Release|Any CPU
	EndGlobalSection
	GlobalSection(ProjectConfigurationPlatforms) = postSolution
		{BE964A0F-54BC-41AB-8A08-8DA085CB148E}.Debug|Any CPU.ActiveCfg = Debug|Any CPU
		{BE964A0F-54BC-41AB-8A08-8DA085CB148E}.Debug|Any CPU.Build.0 = Debug|Any CPU
		{BE964A0F-54BC-41AB-8A08-8DA085CB148E}.Release|Any CPU.ActiveCfg = Release|Any CPU
		{BE964A0F-54BC-41AB-8A08-8DA085CB148E}.Release|Any CPU.Build.0 = Release|Any CPU
	EndGlobalSection
	GlobalSection(SolutionProperties) = preSolution
		HideSolutionNode = FALSE
	EndGlobalSection
	GlobalSection(ExtensibilityGlobals) = postSolution
		SolutionGuid = {230620F3-3C72-4D43-A6E6-268C8E8E7123}
	EndGlobalSection
EndGlobal
